{
  "name": "native-base-info",
  "version": "1.1.2",
  "lockfileVersion": 2,
  "requires": true,
  "packages": {
    "": {
      "name": "native-base-info",
      "version": "1.1.2",
      "license": "MIT",
      "dependencies": {
        "envinfo": "^7.8.1"
      }
    },
    "node_modules/envinfo": {
      "version": "7.8.1",
      "resolved": "https://registry.npmjs.org/envinfo/-/envinfo-7.8.1.tgz",
      "integrity": "sha512-/o+BXHmB7ocbHEAs6F2EnG0ogybVVUdkRunTT2glZU9XAaGmhqskrvKwqXuDfNjEO0LZKWdejEEpnq8aM0tOaw==",
      "bin": {
        "envinfo": "dist/cli.js"
      },
      "engines": {
        "node": ">=4"
      }
    }
  },
  "dependencies": {
    "envinfo": {
      "version": "7.8.1",
      "resolved": "https://registry.npmjs.org/envinfo/-/envinfo-7.8.1.tgz",
      "integrity": "sha512-/o+BXHmB7ocbHEAs6F2EnG0ogybVVUdkRunTT2glZU9XAaGmhqskrvKwqXuDfNjEO0LZKWdejEEpnq8aM0tOaw=="
    }
  }
}
